
Microsoft Visual Studio Solution File, Format Version 12.00
# Visual Studio Version 16
VisualStudioVersion = 16.0.33027.164
MinimumVisualStudioVersion = 10.0.40219.1
Project("{9A19103F-16F7-4668-BE54-9A1E7A4F7556}") = "Entities", "Entities\Entities.csproj", "{D7BFA70B-491A-42C5-858D-9525CA33DB0D}"
EndProject
Project("{9A19103F-16F7-4668-BE54-9A1E7A4F7556}") = "DataAccess", "DataAccess\DataAccess.csproj", "{0FFAD49F-7A0D-432B-B587-1300B72D358F}"
EndProject
Project("{9A19103F-16F7-4668-BE54-9A1E7A4F7556}") = "Business", "Business\Business.csproj", "{1D505CCA-6DCE-4585-8C36-D0EDDC435703}"
EndProject
Project("{9A19103F-16F7-4668-BE54-9A1E7A4F7556}") = "WebAPI", "WebAPI\WebAPI.csproj", "{691E6F4F-0EA4-46CF-88DA-E5B81CE5B9F1}"
EndProject
Project("{9A19103F-16F7-4668-BE54-9A1E7A4F7556}") = "Core", "Core\Core.csproj", "{C9A3329F-A34E-4C61-A5A0-70AFCD20BF51}"
EndProject
Project("{FAE04EC0-301F-11D3-BF4B-00C04F79EFBC}") = "ConsoleUI", "ConsoleUI\ConsoleUI.csproj", "{8A5F103E-3AEC-4F22-A961-CD8118049CD6}"
EndProject
Global
	GlobalSection(SolutionConfigurationPlatforms) = preSolution
		Debug|Any CPU = Debug|Any CPU
		Release|Any CPU = Release|Any CPU
	EndGlobalSection
	GlobalSection(ProjectConfigurationPlatforms) = postSolution
		{D7BFA70B-491A-42C5-858D-9525CA33DB0D}.Debug|Any CPU.ActiveCfg = Debug|Any CPU
		{D7BFA70B-491A-42C5-858D-9525CA33DB0D}.Debug|Any CPU.Build.0 = Debug|Any CPU
		{D7BFA70B-491A-42C5-858D-9525CA33DB0D}.Release|Any CPU.ActiveCfg = Release|Any CPU
		{D7BFA70B-491A-42C5-858D-9525CA33DB0D}.Release|Any CPU.Build.0 = Release|Any CPU
		{0FFAD49F-7A0D-432B-B587-1300B72D358F}.Debug|Any CPU.ActiveCfg = Debug|Any CPU
		{0FFAD49F-7A0D-432B-B587-1300B72D358F}.Debug|Any CPU.Build.0 = Debug|Any CPU
		{0FFAD49F-7A0D-432B-B587-1300B72D358F}.Release|Any CPU.ActiveCfg = Release|Any CPU
		{0FFAD49F-7A0D-432B-B587-1300B72D358F}.Release|Any CPU.Build.0 = Release|Any CPU
		{1D505CCA-6DCE-4585-8C36-D0EDDC435703}.Debug|Any CPU.ActiveCfg = Debug|Any CPU
		{1D505CCA-6DCE-4585-8C36-D0EDDC435703}.Debug|Any CPU.Build.0 = Debug|Any CPU
		{1D505CCA-6DCE-4585-8C36-D0EDDC435703}.Release|Any CPU.ActiveCfg = Release|Any CPU
		{1D505CCA-6DCE-4585-8C36-D0EDDC435703}.Release|Any CPU.Build.0 = Release|Any CPU
		{691E6F4F-0EA4-46CF-88DA-E5B81CE5B9F1}.Debug|Any CPU.ActiveCfg = Debug|Any CPU
		{691E6F4F-0EA4-46CF-88DA-E5B81CE5B9F1}.Debug|Any CPU.Build.0 = Debug|Any CPU
		{691E6F4F-0EA4-46CF-88DA-E5B81CE5B9F1}.Release|Any CPU.ActiveCfg = Release|Any CPU
		{691E6F4F-0EA4-46CF-88DA-E5B81CE5B9F1}.Release|Any CPU.Build.0 = Release|Any CPU
		{C9A3329F-A34E-4C61-A5A0-70AFCD20BF51}.Debug|Any CPU.ActiveCfg = Debug|Any CPU
		{C9A3329F-A34E-4C61-A5A0-70AFCD20BF51}.Debug|Any CPU.Build.0 = Debug|Any CPU
		{C9A3329F-A34E-4C61-A5A0-70AFCD20BF51}.Release|Any CPU.ActiveCfg = Release|Any CPU
		{C9A3329F-A34E-4C61-A5A0-70AFCD20BF51}.Release|Any CPU.Build.0 = Release|Any CPU
		{8A5F103E-3AEC-4F22-A961-CD8118049CD6}.Debug|Any CPU.ActiveCfg = Debug|Any CPU
		{8A5F103E-3AEC-4F22-A961-CD8118049CD6}.Debug|Any CPU.Build.0 = Debug|Any CPU
		{8A5F103E-3AEC-4F22-A961-CD8118049CD6}.Release|Any CPU.ActiveCfg = Release|Any CPU
		{8A5F103E-3AEC-4F22-A961-CD8118049CD6}.Release|Any CPU.Build.0 = Release|Any CPU
	EndGlobalSection
	GlobalSection(SolutionProperties) = preSolution
		HideSolutionNode = FALSE
	EndGlobalSection
	GlobalSection(ExtensibilityGlobals) = postSolution
		SolutionGuid = {E3ED0196-6DE5-4EFC-A962-4B0E834B166E}
	EndGlobalSection
EndGlobal
